
Microsoft Visual Studio Solution File, Format Version 12.00
# Visual Studio Version 16
VisualStudioVersion = 16.0.30413.136
MinimumVisualStudioVersion = 10.0.40219.1
Project("{FAE04EC0-301F-11D3-BF4B-00C04F79EFBC}") = "Exam1111", "Exam1111.csproj", "{0934F16D-5D72-4920-8AAD-1F91C49CBE05}"
EndProject
Project("{FAE04EC0-301F-11D3-BF4B-00C04F79EFBC}") = "UI", "UI\UI.csproj", "{66D0C5CD-AA6C-4034-A82D-D28F36B434FB}"
EndProject
Global
	GlobalSection(SolutionConfigurationPlatforms) = preSolution
		Debug|Any CPU = Debug|Any CPU
		Release|Any CPU = Release|Any CPU
	EndGlobalSection
	GlobalSection(ProjectConfigurationPlatforms) = postSolution
		{0934F16D-5D72-4920-8AAD-1F91C49CBE05}.Debug|Any CPU.ActiveCfg = Debug|Any CPU
		{0934F16D-5D72-4920-8AAD-1F91C49CBE05}.Debug|Any CPU.Build.0 = Debug|Any CPU
		{0934F16D-5D72-4920-8AAD-1F91C49CBE05}.Release|Any CPU.ActiveCfg = Release|Any CPU
		{0934F16D-5D72-4920-8AAD-1F91C49CBE05}.Release|Any CPU.Build.0 = Release|Any CPU
		{66D0C5CD-AA6C-4034-A82D-D28F36B434FB}.Debug|Any CPU.ActiveCfg = Debug|Any CPU
		{66D0C5CD-AA6C-4034-A82D-D28F36B434FB}.Debug|Any CPU.Build.0 = Debug|Any CPU
		{66D0C5CD-AA6C-4034-A82D-D28F36B434FB}.Release|Any CPU.ActiveCfg = Release|Any CPU
		{66D0C5CD-AA6C-4034-A82D-D28F36B434FB}.Release|Any CPU.Build.0 = Release|Any CPU
	EndGlobalSection
	GlobalSection(SolutionProperties) = preSolution
		HideSolutionNode = FALSE
	EndGlobalSection
	GlobalSection(ExtensibilityGlobals) = postSolution
		SolutionGuid = {6CF62942-825B-4B6A-A2E8-19B663CB6B47}
	EndGlobalSection
EndGlobal
